{
  "requires": true,
  "lockfileVersion": 1,
  "dependencies": {
    "ng-shopping-cart": {
      "version": "1.0.0",
      "resolved": "https://registry.npmjs.org/ng-shopping-cart/-/ng-shopping-cart-1.0.0.tgz",
      "integrity": "sha512-4baqhbwzWr1odZvHZ+QkgnxuXvmJgT/FynjNWOHcTw3oqqtBzg4T3CNwzwQ0k5BXLKBPP4qiRL2uYbKyHRSr3w==",
      "requires": {
        "tslib": "^1.7.1"
      }
    },
    "tslib": {
      "version": "1.13.0",
      "resolved": "https://registry.npmjs.org/tslib/-/tslib-1.13.0.tgz",
      "integrity": "sha512-i/6DQjL8Xf3be4K/E6Wgpekn5Qasl1usyw++dAA35Ue5orEn65VIxOA+YvNNl9HV3qv70T7CNwjODHZrLwvd1Q=="
    }
  }
}
